
Microsoft Visual Studio Solution File, Format Version 12.00
# Visual Studio Version 16
VisualStudioVersion = 16.0.31321.278
MinimumVisualStudioVersion = 10.0.40219.1
Project("{FAE04EC0-301F-11D3-BF4B-00C04F79EFBC}") = "UCausaDX", "UCausaDX\UCausaDX.csproj", "{10AF1AF3-51AE-48F6-8001-E5B27D232607}"
EndProject
Global
	GlobalSection(SolutionConfigurationPlatforms) = preSolution
		Debug|Any CPU = Debug|Any CPU
		Release|Any CPU = Release|Any CPU
	EndGlobalSection
	GlobalSection(ProjectConfigurationPlatforms) = postSolution
		{10AF1AF3-51AE-48F6-8001-E5B27D232607}.Debug|Any CPU.ActiveCfg = Debug|Any CPU
		{10AF1AF3-51AE-48F6-8001-E5B27D232607}.Debug|Any CPU.Build.0 = Debug|Any CPU
		{10AF1AF3-51AE-48F6-8001-E5B27D232607}.Release|Any CPU.ActiveCfg = Release|Any CPU
		{10AF1AF3-51AE-48F6-8001-E5B27D232607}.Release|Any CPU.Build.0 = Release|Any CPU
	EndGlobalSection
	GlobalSection(SolutionProperties) = preSolution
		HideSolutionNode = FALSE
	EndGlobalSection
	GlobalSection(ExtensibilityGlobals) = postSolution
		SolutionGuid = {B9AEBCBF-6BEF-4DFD-A0B6-123B44CE6811}
	EndGlobalSection
EndGlobal
